lockfileVersion: '9.0'

settings:
  autoInstallPeers: true
  excludeLinksFromLockfile: false

importers:

  .:
    dependencies:
      '@openai/codex':
        specifier: ^0.144.6
        version: 0.144.6

packages:

  '@openai/codex@0.144.6':
    resolution: {integrity: sha512-wk+2CWiBNXiJLBoN2D08N9RceWkSBnlgk5g2K1a4CXrP/C0gdlHyRUG7RFzm9y41DCK/7tvCct233JVxyFmznw==}
    engines: {node: '>=16'}
    hasBin: true

  '@openai/codex@0.144.6-darwin-arm64':
    resolution: {integrity: sha512-6zgvh70MzBNSeT17HEhSOrmmGGZGAKzSC7x6JAq+edkJkdPYA9P0I1tG7aJ49GlBkBxuC+MKBH1qm6+2Cghcww==}
    engines: {node: '>=16'}
    cpu: [arm64]
    os: [darwin]

  '@openai/codex@0.144.6-darwin-x64':
    resolution: {integrity: sha512-THRyPG0zSU6M8NQAge1LHEHsJDnoH4BpKsfJHB/qe3Fm+Wf6zqAmWJFlOKzBm27m0K2Hq3za4Ac2I5p5i4yp/A==}
    engines: {node: '>=16'}
    cpu: [x64]
    os: [darwin]

  '@openai/codex@0.144.6-linux-arm64':
    resolution: {integrity: sha512-PGiLXMN+2IQRkf7tOLi64dMInjU1pRLbz0Rwfj/yt2Y97SZQqAjFQoi2wmswmqtqMDnfwCPTC1DRXVQkvU6T6Q==}
    engines: {node: '>=16'}
    cpu: [arm64]
    os: [linux]

  '@openai/codex@0.144.6-linux-x64':
    resolution: {integrity: sha512-4E7EnzCg0OnBxCyYnwJ+qnZwWHYe0YScr5ucKWbngE9u4+0XrpWELqq2Kn9jl5GZK8MDjU7PrJwFIwusHOHjuw==}
    engines: {node: '>=16'}
    cpu: [x64]
    os: [linux]

  '@openai/codex@0.144.6-win32-arm64':
    resolution: {integrity: sha512-SpMjXJLW43JzMP0K62mVcYfmFcpk0BK4AOgYmWSfyZHs3iRtHMd0UYw7605n/9lwkT2EqbwQLT2omZFeKJFzwA==}
    engines: {node: '>=16'}
    cpu: [arm64]
    os: [win32]

  '@openai/codex@0.144.6-win32-x64':
    resolution: {integrity: sha512-dN39VnjEthKz5io1RNWwZDtErdSn07nW3pGUgvlA6DMxgm/nuGaIAZO/sG/Hgxq/x5j9HteAENfrFgVkpZ0lFg==}
    engines: {node: '>=16'}
    cpu: [x64]
    os: [win32]

snapshots:

  '@openai/codex@0.144.6':
    optionalDependencies:
      '@openai/codex-darwin-arm64': '@openai/codex@0.144.6-darwin-arm64'
      '@openai/codex-darwin-x64': '@openai/codex@0.144.6-darwin-x64'
      '@openai/codex-linux-arm64': '@openai/codex@0.144.6-linux-arm64'
      '@openai/codex-linux-x64': '@openai/codex@0.144.6-linux-x64'
      '@openai/codex-win32-arm64': '@openai/codex@0.144.6-win32-arm64'
      '@openai/codex-win32-x64': '@openai/codex@0.144.6-win32-x64'

  '@openai/codex@0.144.6-darwin-arm64':
    optional: true

  '@openai/codex@0.144.6-darwin-x64':
    optional: true

  '@openai/codex@0.144.6-linux-arm64':
    optional: true

  '@openai/codex@0.144.6-linux-x64':
    optional: true

  '@openai/codex@0.144.6-win32-arm64':
    optional: true

  '@openai/codex@0.144.6-win32-x64':
    optional: true
